Microsoft Visual Studio Solution File, Format Version 11.00
# Visual Studio 2008

Project("{DCCBEBC2-3A33-3D96-E564-25A95C575CA0}") = "cemetery", "Assembly-CSharp-firstpass.csproj", "{6F7625D1-4142-2575-617D-82B0E08C2719}"
EndProject
Project("{DCCBEBC2-3A33-3D96-E564-25A95C575CA0}") = "cemetery", "Assembly-CSharp.csproj", "{A3ADEE85-A1E4-4281-48E6-EA1B48B84B6A}"
EndProject
Project("{DCCBEBC2-3A33-3D96-E564-25A95C575CA0}") = "cemetery", "Assembly-CSharp-Editor.csproj", "{8A4AEEF0-C2E3-1D08-74AF-19CA722676EE}"
EndProject
Project("{DCCBEBC2-3A33-3D96-E564-25A95C575CA0}") = "cemetery", "Assembly-UnityScript-firstpass.unityproj", "{D5911330-FF7A-1879-8818-17764699D578}"
EndProject
Project("{DCCBEBC2-3A33-3D96-E564-25A95C575CA0}") = "cemetery", "Assembly-UnityScript.unityproj", "{417D0433-1736-5FA1-5165-1B309427FCC0}"
EndProject
Global
	GlobalSection(SolutionConfigurationPlatforms) = preSolution
		Debug|Any CPU = Debug|Any CPU
		Release|Any CPU = Release|Any CPU
	EndGlobalSection
	GlobalSection(ProjectConfigurationPlatforms) = postSolution
		{6F7625D1-4142-2575-617D-82B0E08C2719}.Debug|Any CPU.ActiveCfg = Debug|Any CPU
		{6F7625D1-4142-2575-617D-82B0E08C2719}.Debug|Any CPU.Build.0 = Debug|Any CPU
		{6F7625D1-4142-2575-617D-82B0E08C2719}.Release|Any CPU.ActiveCfg = Release|Any CPU
		{6F7625D1-4142-2575-617D-82B0E08C2719}.Release|Any CPU.Build.0 = Release|Any CPU
		{A3ADEE85-A1E4-4281-48E6-EA1B48B84B6A}.Debug|Any CPU.ActiveCfg = Debug|Any CPU
		{A3ADEE85-A1E4-4281-48E6-EA1B48B84B6A}.Debug|Any CPU.Build.0 = Debug|Any CPU
		{A3ADEE85-A1E4-4281-48E6-EA1B48B84B6A}.Release|Any CPU.ActiveCfg = Release|Any CPU
		{A3ADEE85-A1E4-4281-48E6-EA1B48B84B6A}.Release|Any CPU.Build.0 = Release|Any CPU
		{8A4AEEF0-C2E3-1D08-74AF-19CA722676EE}.Debug|Any CPU.ActiveCfg = Debug|Any CPU
		{8A4AEEF0-C2E3-1D08-74AF-19CA722676EE}.Debug|Any CPU.Build.0 = Debug|Any CPU
		{8A4AEEF0-C2E3-1D08-74AF-19CA722676EE}.Release|Any CPU.ActiveCfg = Release|Any CPU
		{8A4AEEF0-C2E3-1D08-74AF-19CA722676EE}.Release|Any CPU.Build.0 = Release|Any CPU
		{D5911330-FF7A-1879-8818-17764699D578}.Debug|Any CPU.ActiveCfg = Debug|Any CPU
		{D5911330-FF7A-1879-8818-17764699D578}.Debug|Any CPU.Build.0 = Debug|Any CPU
		{D5911330-FF7A-1879-8818-17764699D578}.Release|Any CPU.ActiveCfg = Release|Any CPU
		{D5911330-FF7A-1879-8818-17764699D578}.Release|Any CPU.Build.0 = Release|Any CPU
		{417D0433-1736-5FA1-5165-1B309427FCC0}.Debug|Any CPU.ActiveCfg = Debug|Any CPU
		{417D0433-1736-5FA1-5165-1B309427FCC0}.Debug|Any CPU.Build.0 = Debug|Any CPU
		{417D0433-1736-5FA1-5165-1B309427FCC0}.Release|Any CPU.ActiveCfg = Release|Any CPU
		{417D0433-1736-5FA1-5165-1B309427FCC0}.Release|Any CPU.Build.0 = Release|Any CPU
	EndGlobalSection
	GlobalSection(SolutionProperties) = preSolution
		HideSolutionNode = FALSE
	EndGlobalSection
																												GlobalSection(MonoDevelopProperties) = preSolution
		StartupItem = Assembly-CSharp.csproj
		Policies = $0
		$0.TextStylePolicy = $1
		$1.inheritsSet = null
		$1.scope = text/x-csharp
		$0.CSharpFormattingPolicy = $2
		$2.inheritsSet = Mono
		$2.inheritsScope = text/x-csharp
		$2.scope = text/x-csharp
		$0.TextStylePolicy = $3
		$3.FileWidth = 120
		$3.TabWidth = 4
		$3.EolMarker = Unix
		$3.inheritsSet = Mono
		$3.inheritsScope = text/plain
		$3.scope = text/plain
	EndGlobalSection

EndGlobal
